
Microsoft Visual Studio Solution File, Format Version 12.00
# Visual Studio Version 17
VisualStudioVersion = 17.2.32526.322
MinimumVisualStudioVersion = 10.0.40219.1
Project("{FAE04EC0-301F-11D3-BF4B-00C04F79EFBC}") = "RabbitServer", "RabbitServer\RabbitServer.csproj", "{9A0AEC1B-93C4-44D7-93BD-B8AD8E7328DD}"
EndProject
Project("{FAE04EC0-301F-11D3-BF4B-00C04F79EFBC}") = "RabbitServerLibrary", "RabbitServerLibrary\RabbitServerLibrary.csproj", "{9CA03CB4-1C08-4331-8742-208B6C22BE27}"
EndProject
Global
	GlobalSection(SolutionConfigurationPlatforms) = preSolution
		Debug|Any CPU = Debug|Any CPU
		Release|Any CPU = Release|Any CPU
	EndGlobalSection
	GlobalSection(ProjectConfigurationPlatforms) = postSolution
		{9A0AEC1B-93C4-44D7-93BD-B8AD8E7328DD}.Debug|Any CPU.ActiveCfg = Debug|Any CPU
		{9A0AEC1B-93C4-44D7-93BD-B8AD8E7328DD}.Debug|Any CPU.Build.0 = Debug|Any CPU
		{9A0AEC1B-93C4-44D7-93BD-B8AD8E7328DD}.Release|Any CPU.ActiveCfg = Release|Any CPU
		{9A0AEC1B-93C4-44D7-93BD-B8AD8E7328DD}.Release|Any CPU.Build.0 = Release|Any CPU
		{9CA03CB4-1C08-4331-8742-208B6C22BE27}.Debug|Any CPU.ActiveCfg = Debug|Any CPU
		{9CA03CB4-1C08-4331-8742-208B6C22BE27}.Debug|Any CPU.Build.0 = Debug|Any CPU
		{9CA03CB4-1C08-4331-8742-208B6C22BE27}.Release|Any CPU.ActiveCfg = Release|Any CPU
		{9CA03CB4-1C08-4331-8742-208B6C22BE27}.Release|Any CPU.Build.0 = Release|Any CPU
	EndGlobalSection
	GlobalSection(SolutionProperties) = preSolution
		HideSolutionNode = FALSE
	EndGlobalSection
	GlobalSection(ExtensibilityGlobals) = postSolution
		SolutionGuid = {B2059685-B695-45C6-99A2-09F12A8D1D50}
	EndGlobalSection
EndGlobal
